dependencies:
- name: otel-collector
  repository: ""
  version: 0.4.0
- name: fabric-relay
  repository: ""
  version: 0.1.0
- name: nemo-sidecar
  repository: ""
  version: 0.3.0
- name: presidio-sidecar
  repository: ""
  version: 0.2.0
- name: langfuse
  repository: ""
  version: 0.2.0
- name: redteam-runner
  repository: ""
  version: 0.2.0
- name: update-agent
  repository: ""
  version: 0.2.0
digest: sha256:4bccb5b5e081e05aa326e4a709a947fa78a1fc6f6f3aab7d8b1c57636394ba41
generated: "2026-08-25T02:38:15.019681+05:30"
